
Microsoft Visual Studio Solution File, Format Version 12.00
# Visual Studio Version 16
VisualStudioVersion = 16.0.29609.76
MinimumVisualStudioVersion = 10.0.40219.1
Project("{9A19103F-16F7-4668-BE54-9A1E7A4F7556}") = "WebApi", "WebApi\WebApi.csproj", "{DD155CBE-C412-448F-9CA8-252F3B48E8D9}"
EndProject
Project("{9A19103F-16F7-4668-BE54-9A1E7A4F7556}") = "DAL", "DAL\DAL.csproj", "{A6B520DE-048F-463F-B83C-B3DF3E188ECE}"
EndProject
Project("{FAE04EC0-301F-11D3-BF4B-00C04F79EFBC}") = "BLL", "BLL\BLL.csproj", "{FA367E92-4DE5-4BDA-A110-87E6163A36D0}"
EndProject
Global
	GlobalSection(SolutionConfigurationPlatforms) = preSolution
		Debug|Any CPU = Debug|Any CPU
		Release|Any CPU = Release|Any CPU
	EndGlobalSection
	GlobalSection(ProjectConfigurationPlatforms) = postSolution
		{DD155CBE-C412-448F-9CA8-252F3B48E8D9}.Debug|Any CPU.ActiveCfg = Debug|Any CPU
		{DD155CBE-C412-448F-9CA8-252F3B48E8D9}.Debug|Any CPU.Build.0 = Debug|Any CPU
		{DD155CBE-C412-448F-9CA8-252F3B48E8D9}.Release|Any CPU.ActiveCfg = Release|Any CPU
		{DD155CBE-C412-448F-9CA8-252F3B48E8D9}.Release|Any CPU.Build.0 = Release|Any CPU
		{A6B520DE-048F-463F-B83C-B3DF3E188ECE}.Debug|Any CPU.ActiveCfg = Debug|Any CPU
		{A6B520DE-048F-463F-B83C-B3DF3E188ECE}.Debug|Any CPU.Build.0 = Debug|Any CPU
		{A6B520DE-048F-463F-B83C-B3DF3E188ECE}.Release|Any CPU.ActiveCfg = Release|Any CPU
		{A6B520DE-048F-463F-B83C-B3DF3E188ECE}.Release|Any CPU.Build.0 = Release|Any CPU
		{FA367E92-4DE5-4BDA-A110-87E6163A36D0}.Debug|Any CPU.ActiveCfg = Debug|Any CPU
		{FA367E92-4DE5-4BDA-A110-87E6163A36D0}.Debug|Any CPU.Build.0 = Debug|Any CPU
		{FA367E92-4DE5-4BDA-A110-87E6163A36D0}.Release|Any CPU.ActiveCfg = Release|Any CPU
		{FA367E92-4DE5-4BDA-A110-87E6163A36D0}.Release|Any CPU.Build.0 = Release|Any CPU
	EndGlobalSection
	GlobalSection(SolutionProperties) = preSolution
		HideSolutionNode = FALSE
	EndGlobalSection
	GlobalSection(ExtensibilityGlobals) = postSolution
		SolutionGuid = {78BF3B69-86E1-4C94-9A9E-0D7309A8C5AE}
	EndGlobalSection
EndGlobal
